
Microsoft Visual Studio Solution File, Format Version 12.00
# Visual Studio Version 17
VisualStudioVersion = 17.3.32811.315
MinimumVisualStudioVersion = 10.0.40219.1
Project("{9A19103F-16F7-4668-BE54-9A1E7A4F7556}") = "PredictiveMaintenance", "PredictiveMaintenance\PredictiveMaintenance.csproj", "{17FC9996-66B5-4FFC-9636-B5EFF11E09AF}"
EndProject
Global
	GlobalSection(SolutionConfigurationPlatforms) = preSolution
		Debug|Any CPU = Debug|Any CPU
		Debug|x64 = Debug|x64
		Release|Any CPU = Release|Any CPU
		Release|x64 = Release|x64
	EndGlobalSection
	GlobalSection(ProjectConfigurationPlatforms) = postSolution
		{17FC9996-66B5-4FFC-9636-B5EFF11E09AF}.Debug|Any CPU.ActiveCfg = Debug|Any CPU
		{17FC9996-66B5-4FFC-9636-B5EFF11E09AF}.Debug|Any CPU.Build.0 = Debug|Any CPU
		{17FC9996-66B5-4FFC-9636-B5EFF11E09AF}.Debug|x64.ActiveCfg = Debug|x64
		{17FC9996-66B5-4FFC-9636-B5EFF11E09AF}.Debug|x64.Build.0 = Debug|x64
		{17FC9996-66B5-4FFC-9636-B5EFF11E09AF}.Release|Any CPU.ActiveCfg = Release|Any CPU
		{17FC9996-66B5-4FFC-9636-B5EFF11E09AF}.Release|Any CPU.Build.0 = Release|Any CPU
		{17FC9996-66B5-4FFC-9636-B5EFF11E09AF}.Release|x64.ActiveCfg = Release|x64
		{17FC9996-66B5-4FFC-9636-B5EFF11E09AF}.Release|x64.Build.0 = Release|x64
	EndGlobalSection
	GlobalSection(SolutionProperties) = preSolution
		HideSolutionNode = FALSE
	EndGlobalSection
	GlobalSection(ExtensibilityGlobals) = postSolution
		SolutionGuid = {7DFE7D30-D287-4840-BA4B-49377CCC354B}
	EndGlobalSection
EndGlobal
